
Microsoft Visual Studio Solution File, Format Version 12.00
# Visual Studio Version 17
VisualStudioVersion = 17.4.33213.308
MinimumVisualStudioVersion = 10.0.40219.1
Project("{FAE04EC0-301F-11D3-BF4B-00C04F79EFBC}") = "CarParkIO.Api", "CarParkIO.Api\CarParkIO.Api.csproj", "{F1346670-153B-4A15-8DF9-186F17BF83CF}"
EndProject
Global
	GlobalSection(SolutionConfigurationPlatforms) = preSolution
		Debug|Any CPU = Debug|Any CPU
		Release|Any CPU = Release|Any CPU
	EndGlobalSection
	GlobalSection(ProjectConfigurationPlatforms) = postSolution
		{F1346670-153B-4A15-8DF9-186F17BF83CF}.Debug|Any CPU.ActiveCfg = Debug|Any CPU
		{F1346670-153B-4A15-8DF9-186F17BF83CF}.Debug|Any CPU.Build.0 = Debug|Any CPU
		{F1346670-153B-4A15-8DF9-186F17BF83CF}.Release|Any CPU.ActiveCfg = Release|Any CPU
		{F1346670-153B-4A15-8DF9-186F17BF83CF}.Release|Any CPU.Build.0 = Release|Any CPU
	EndGlobalSection
	GlobalSection(SolutionProperties) = preSolution
		HideSolutionNode = FALSE
	EndGlobalSection
	GlobalSection(ExtensibilityGlobals) = postSolution
		SolutionGuid = {551A4448-2E24-4B16-8006-F8EEDDD808A8}
	EndGlobalSection
EndGlobal
